
Microsoft Visual Studio Solution File, Format Version 12.00
# Visual Studio Version 16
VisualStudioVersion = 16.0.30523.141
MinimumVisualStudioVersion = 10.0.40219.1
Project("{2150E333-8FDC-42A3-9474-1A3956D46DE8}") = "Microservices", "Microservices", "{C76BDD49-3BE7-4850-8C42-6A5C7649B469}"
EndProject
Project("{FAE04EC0-301F-11D3-BF4B-00C04F79EFBC}") = "Product.Microservice", "Product.Microservice\Product.Microservice.csproj", "{2EFC504C-AE78-4895-AFAA-FD7E5F0E6EDA}"
EndProject
Project("{FAE04EC0-301F-11D3-BF4B-00C04F79EFBC}") = "Customer.Microservice", "Customer.Microservice\Customer.Microservice.csproj", "{2AA5CCD3-466E-42B5-B5A7-B8277B7C41A8}"
EndProject
Project("{FAE04EC0-301F-11D3-BF4B-00C04F79EFBC}") = "Gateway.WebApi", "Gateway.WebApi\Gateway.WebApi.csproj", "{17698867-CCD5-4D60-ABB1-05120E16B9CF}"
EndProject
Global
	GlobalSection(SolutionConfigurationPlatforms) = preSolution
		Debug|Any CPU = Debug|Any CPU
		Release|Any CPU = Release|Any CPU
	EndGlobalSection
	GlobalSection(ProjectConfigurationPlatforms) = postSolution
		{2EFC504C-AE78-4895-AFAA-FD7E5F0E6EDA}.Debug|Any CPU.ActiveCfg = Debug|Any CPU
		{2EFC504C-AE78-4895-AFAA-FD7E5F0E6EDA}.Debug|Any CPU.Build.0 = Debug|Any CPU
		{2EFC504C-AE78-4895-AFAA-FD7E5F0E6EDA}.Release|Any CPU.ActiveCfg = Release|Any CPU
		{2EFC504C-AE78-4895-AFAA-FD7E5F0E6EDA}.Release|Any CPU.Build.0 = Release|Any CPU
		{2AA5CCD3-466E-42B5-B5A7-B8277B7C41A8}.Debug|Any CPU.ActiveCfg = Debug|Any CPU
		{2AA5CCD3-466E-42B5-B5A7-B8277B7C41A8}.Debug|Any CPU.Build.0 = Debug|Any CPU
		{2AA5CCD3-466E-42B5-B5A7-B8277B7C41A8}.Release|Any CPU.ActiveCfg = Release|Any CPU
		{2AA5CCD3-466E-42B5-B5A7-B8277B7C41A8}.Release|Any CPU.Build.0 = Release|Any CPU
		{17698867-CCD5-4D60-ABB1-05120E16B9CF}.Debug|Any CPU.ActiveCfg = Debug|Any CPU
		{17698867-CCD5-4D60-ABB1-05120E16B9CF}.Debug|Any CPU.Build.0 = Debug|Any CPU
		{17698867-CCD5-4D60-ABB1-05120E16B9CF}.Release|Any CPU.ActiveCfg = Release|Any CPU
		{17698867-CCD5-4D60-ABB1-05120E16B9CF}.Release|Any CPU.Build.0 = Release|Any CPU
	EndGlobalSection
	GlobalSection(SolutionProperties) = preSolution
		HideSolutionNode = FALSE
	EndGlobalSection
	GlobalSection(NestedProjects) = preSolution
		{2EFC504C-AE78-4895-AFAA-FD7E5F0E6EDA} = {C76BDD49-3BE7-4850-8C42-6A5C7649B469}
		{2AA5CCD3-466E-42B5-B5A7-B8277B7C41A8} = {C76BDD49-3BE7-4850-8C42-6A5C7649B469}
	EndGlobalSection
	GlobalSection(ExtensibilityGlobals) = postSolution
		SolutionGuid = {A2B0C28F-4810-4650-8946-FF6C069D73BA}
	EndGlobalSection
EndGlobal
